
Microsoft Visual Studio Solution File, Format Version 12.00
# Visual Studio Version 17
VisualStudioVersion = 17.5.33502.453
MinimumVisualStudioVersion = 10.0.40219.1
Project("{FAE04EC0-301F-11D3-BF4B-00C04F79EFBC}") = "InMemoryMessaging", "InMemoryMessaging\InMemoryMessaging.csproj", "{03690528-FFCB-4593-B9D7-F9AA305B39C2}"
EndProject
Project("{FAE04EC0-301F-11D3-BF4B-00C04F79EFBC}") = "Lib", "Lib\Lib.csproj", "{DD961ED8-A6C0-4D67-B634-F4D25A808F0D}"
EndProject
Global
	GlobalSection(SolutionConfigurationPlatforms) = preSolution
		Debug|Any CPU = Debug|Any CPU
		Release|Any CPU = Release|Any CPU
	EndGlobalSection
	GlobalSection(ProjectConfigurationPlatforms) = postSolution
		{03690528-FFCB-4593-B9D7-F9AA305B39C2}.Debug|Any CPU.ActiveCfg = Debug|Any CPU
		{03690528-FFCB-4593-B9D7-F9AA305B39C2}.Debug|Any CPU.Build.0 = Debug|Any CPU
		{03690528-FFCB-4593-B9D7-F9AA305B39C2}.Release|Any CPU.ActiveCfg = Release|Any CPU
		{03690528-FFCB-4593-B9D7-F9AA305B39C2}.Release|Any CPU.Build.0 = Release|Any CPU
		{DD961ED8-A6C0-4D67-B634-F4D25A808F0D}.Debug|Any CPU.ActiveCfg = Debug|Any CPU
		{DD961ED8-A6C0-4D67-B634-F4D25A808F0D}.Debug|Any CPU.Build.0 = Debug|Any CPU
		{DD961ED8-A6C0-4D67-B634-F4D25A808F0D}.Release|Any CPU.ActiveCfg = Release|Any CPU
		{DD961ED8-A6C0-4D67-B634-F4D25A808F0D}.Release|Any CPU.Build.0 = Release|Any CPU
	EndGlobalSection
	GlobalSection(SolutionProperties) = preSolution
		HideSolutionNode = FALSE
	EndGlobalSection
	GlobalSection(ExtensibilityGlobals) = postSolution
		SolutionGuid = {79F7B514-6999-4AB6-8FCE-4C33409C87DA}
	EndGlobalSection
EndGlobal
